// !$*UTF8*$!
{
	archiveVersion = 1;
	classes = {
	};
	objectVersion = 52;
	objects = {

/* Begin PBXBuildFile section */
		800EB66726A07BFE0082309C /* GlobalEnvObject.swift in Sources */ = {isa = PBXBuildFile; fileRef = 800EB66626A07BFE0082309C /* GlobalEnvObject.swift */; };
		8018C0062694A00D007FBF7F /* TaskAddScreen.swift in Sources */ = {isa = PBXBuildFile; fileRef = 8018C0052694A00D007FBF7F /* TaskAddScreen.swift */; };
		8062153B262C449200F68138 /* Task_ExpertApp.swift in Sources */ = {isa = PBXBuildFile; fileRef = 8062153A262C449200F68138 /* Task_ExpertApp.swift */; };
		8062153D262C449200F68138 /* WelcomePage.swift in Sources */ = {isa = PBXBuildFile; fileRef = 8062153C262C449200F68138 /* WelcomePage.swift */; };
		8062153F262C449300F68138 /* Assets.xcassets in Resources */ = {isa = PBXBuildFile; fileRef = 8062153E262C449300F68138 /* Assets.xcassets */; };
		80621542262C449300F68138 /* Preview Assets.xcassets in Resources */ = {isa = PBXBuildFile; fileRef = 80621541262C449300F68138 /* Preview Assets.xcassets */; };
		807E8B18268A0C7D003DC009 /* IndividualTaskView.swift in Sources */ = {isa = PBXBuildFile; fileRef = 807E8B17268A0C7D003DC009 /* IndividualTaskView.swift */; };
		808D524E26A59E8200B25EC1 /* TaskCompletedGIF.json in Resources */ = {isa = PBXBuildFile; fileRef = 808D524D26A59E8200B25EC1 /* TaskCompletedGIF.json */; };
		808D525126A59EE100B25EC1 /* Lottie in Frameworks */ = {isa = PBXBuildFile; productRef = 808D525026A59EE100B25EC1 /* Lottie */; };
		808D525326A59F4700B25EC1 /* LottieView.swift in Sources */ = {isa = PBXBuildFile; fileRef = 808D525226A59F4700B25EC1 /* LottieView.swift */; };
		808D525726A5A21900B25EC1 /* LottieAnimationTypeCongrats.swift in Sources */ = {isa = PBXBuildFile; fileRef = 808D525626A5A21900B25EC1 /* LottieAnimationTypeCongrats.swift */; };
		8094AE0B262C6B68000DA689 /* ToDoPage.swift in Sources */ = {isa = PBXBuildFile; fileRef = 8094AE0A262C6B68000DA689 /* ToDoPage.swift */; };
		80CE478726A5CCF50019761C /* TaskForgone.json in Resources */ = {isa = PBXBuildFile; fileRef = 80CE478626A5CCF50019761C /* TaskForgone.json */; };
		80CE478926A5CE2A0019761C /* LottieAnimationTypeForgone.swift in Sources */ = {isa = PBXBuildFile; fileRef = 80CE478826A5CE2A0019761C /* LottieAnimationTypeForgone.swift */; };
/* End PBXBuildFile section */

/* Begin PBXFileReference section */
		800EB66626A07BFE0082309C /* GlobalEnvObject.swift */ = {isa = PBXFileReference; lastKnownFileType = sourcecode.swift; path = GlobalEnvObject.swift; sourceTree = "<group>"; };
		8018C0052694A00D007FBF7F /* TaskAddScreen.swift */ = {isa = PBXFileReference; lastKnownFileType = sourcecode.swift; path = TaskAddScreen.swift; sourceTree = "<group>"; };
		80621537262C449200F68138 /* Task Expert.app */ = {isa = PBXFileReference; explicitFileType = wrapper.application; includeInIndex = 0; path = "Task Expert.app"; sourceTree = BUILT_PRODUCTS_DIR; };
		8062153A262C449200F68138 /* Task_ExpertApp.swift */ = {isa = PBXFileReference; lastKnownFileType = sourcecode.swift; path = Task_ExpertApp.swift; sourceTree = "<group>"; };
		8062153C262C449200F68138 /* WelcomePage.swift */ = {isa = PBXFileReference; lastKnownFileType = sourcecode.swift; path = WelcomePage.swift; sourceTree = "<group>"; };
		8062153E262C449300F68138 /* Assets.xcassets */ = {isa = PBXFileReference; lastKnownFileType = folder.assetcatalog; path = Assets.xcassets; sourceTree = "<group>"; };
		80621541262C449300F68138 /* Preview Assets.xcassets */ = {isa = PBXFileReference; lastKnownFileType = folder.assetcatalog; path = "Preview Assets.xcassets"; sourceTree = "<group>"; };
		80621543262C449300F68138 /* Info.plist */ = {isa = PBXFileReference; lastKnownFileType = text.plist.xml; path = Info.plist; sourceTree = "<group>"; };
		807E8B17268A0C7D003DC009 /* IndividualTaskView.swift */ = {isa = PBXFileReference; lastKnownFileType = sourcecode.swift; path = IndividualTaskView.swift; sourceTree = "<group>"; };
		808D524B26A596B300B25EC1 /* Task Expert.entitlements */ = {isa = PBXFileReference; lastKnownFileType = text.plist.entitlements; path = "Task Expert.entitlements"; sourceTree = "<group>"; };
		808D524D26A59E8200B25EC1 /* TaskCompletedGIF.json */ = {isa = PBXFileReference; fileEncoding = 4; lastKnownFileType = text.json; path = TaskCompletedGIF.json; sourceTree = "<group>"; };
		808D525226A59F4700B25EC1 /* LottieView.swift */ = {isa = PBXFileReference; lastKnownFileType = sourcecode.swift; path = LottieView.swift; sourceTree = "<group>"; };
		808D525626A5A21900B25EC1 /* LottieAnimationTypeCongrats.swift */ = {isa = PBXFileReference; lastKnownFileType = sourcecode.swift; path = LottieAnimationTypeCongrats.swift; sourceTree = "<group>"; };
		8094AE0A262C6B68000DA689 /* ToDoPage.swift */ = {isa = PBXFileReference; lastKnownFileType = sourcecode.swift; path = ToDoPage.swift; sourceTree = "<group>"; };
		80CE478626A5CCF50019761C /* TaskForgone.json */ = {isa = PBXFileReference; fileEncoding = 4; lastKnownFileType = text.json; path = TaskForgone.json; sourceTree = "<group>"; };
		80CE478826A5CE2A0019761C /* LottieAnimationTypeForgone.swift */ = {isa = PBXFileReference; lastKnownFileType = sourcecode.swift; path = LottieAnimationTypeForgone.swift; sourceTree = "<group>"; };
/* End PBXFileReference section */

/* Begin PBXFrameworksBuildPhase section */
		80621534262C449200F68138 /* Frameworks */ = {
			isa = PBXFrameworksBuildPhase;
			buildActionMask = 2147483647;
			files = (
				808D525126A59EE100B25EC1 /* Lottie in Frameworks */,
			);
			runOnlyForDeploymentPostprocessing = 0;
		};
/* End PBXFrameworksBuildPhase section */

/* Begin PBXGroup section */
		8062152E262C449100F68138 = {
			isa = PBXGroup;
			children = (
				80621539262C449200F68138 /* Task Expert */,
				80621538262C449200F68138 /* Products */,
			);
			sourceTree = "<group>";
		};
		80621538262C449200F68138 /* Products */ = {
			isa = PBXGroup;
			children = (
				80621537262C449200F68138 /* Task Expert.app */,
			);
			name = Products;
			sourceTree = "<group>";
		};
		80621539262C449200F68138 /* Task Expert */ = {
			isa = PBXGroup;
			children = (
				8062153A262C449200F68138 /* Task_ExpertApp.swift */,
				8062153C262C449200F68138 /* WelcomePage.swift */,
				8094AE0A262C6B68000DA689 /* ToDoPage.swift */,
				807E8B17268A0C7D003DC009 /* IndividualTaskView.swift */,
				8018C0052694A00D007FBF7F /* TaskAddScreen.swift */,
				800EB66626A07BFE0082309C /* GlobalEnvObject.swift */,
				808D525626A5A21900B25EC1 /* LottieAnimationTypeCongrats.swift */,
				80CE478826A5CE2A0019761C /* LottieAnimationTypeForgone.swift */,
				808D525226A59F4700B25EC1 /* LottieView.swift */,
				808D524B26A596B300B25EC1 /* Task Expert.entitlements */,
				8062153E262C449300F68138 /* Assets.xcassets */,
				80621543262C449300F68138 /* Info.plist */,
				80621540262C449300F68138 /* Preview Content */,
				808D524C26A59E6A00B25EC1 /* LottieFiles */,
			);
			path = "Task Expert";
			sourceTree = "<group>";
		};
		80621540262C449300F68138 /* Preview Content */ = {
			isa = PBXGroup;
			children = (
				80621541262C449300F68138 /* Preview Assets.xcassets */,
			);
			path = "Preview Content";
			sourceTree = "<group>";
		};
		808D524C26A59E6A00B25EC1 /* LottieFiles */ = {
			isa = PBXGroup;
			children = (
				808D524D26A59E8200B25EC1 /* TaskCompletedGIF.json */,
				80CE478626A5CCF50019761C /* TaskForgone.json */,
			);
			path = LottieFiles;
			sourceTree = "<group>";
		};
/* End PBXGroup section */

/* Begin PBXNativeTarget section */
		80621536262C449200F68138 /* Task Expert */ = {
			isa = PBXNativeTarget;
			buildConfigurationList = 80621546262C449300F68138 /* Build configuration list for PBXNativeTarget "Task Expert" */;
			buildPhases = (
				80621533262C449200F68138 /* Sources */,
				80621534262C449200F68138 /* Frameworks */,
				80621535262C449200F68138 /* Resources */,
			);
			buildRules = (
			);
			dependencies = (
			);
			name = "Task Expert";
			packageProductDependencies = (
				808D525026A59EE100B25EC1 /* Lottie */,
			);
			productName = "List Expert";
			productReference = 80621537262C449200F68138 /* Task Expert.app */;
			productType = "com.apple.product-type.application";
		};
/* End PBXNativeTarget section */

/* Begin PBXProject section */
		8062152F262C449100F68138 /* Project object */ = {
			isa = PBXProject;
			attributes = {
				LastSwiftUpdateCheck = 1240;
				LastUpgradeCheck = 1240;
				TargetAttributes = {
					80621536262C449200F68138 = {
						CreatedOnToolsVersion = 12.4;
					};
				};
			};
			buildConfigurationList = 80621532262C449100F68138 /* Build configuration list for PBXProject "Task Expert" */;
			compatibilityVersion = "Xcode 9.3";
			developmentRegion = en;
			hasScannedForEncodings = 0;
			knownRegions = (
				en,
				Base,
			);
			mainGroup = 8062152E262C449100F68138;
			packageReferences = (
				808D524F26A59EE100B25EC1 /* XCRemoteSwiftPackageReference "lottie-ios" */,
			);
			productRefGroup = 80621538262C449200F68138 /* Products */;
			projectDirPath = "";
			projectRoot = "";
			targets = (
				80621536262C449200F68138 /* Task Expert */,
			);
		};
/* End PBXProject section */

/* Begin PBXResourcesBuildPhase section */
		80621535262C449200F68138 /* Resources */ = {
			isa = PBXResourcesBuildPhase;
			buildActionMask = 2147483647;
			files = (
				80621542262C449300F68138 /* Preview Assets.xcassets in Resources */,
				8062153F262C449300F68138 /* Assets.xcassets in Resources */,
				808D524E26A59E8200B25EC1 /* TaskCompletedGIF.json in Resources */,
				80CE478726A5CCF50019761C /* TaskForgone.json in Resources */,
			);
			runOnlyForDeploymentPostprocessing = 0;
		};
/* End PBXResourcesBuildPhase section */

/* Begin PBXSourcesBuildPhase section */
		80621533262C449200F68138 /* Sources */ = {
			isa = PBXSourcesBuildPhase;
			buildActionMask = 2147483647;
			files = (
				8062153D262C449200F68138 /* WelcomePage.swift in Sources */,
				808D525726A5A21900B25EC1 /* LottieAnimationTypeCongrats.swift in Sources */,
				8094AE0B262C6B68000DA689 /* ToDoPage.swift in Sources */,
				8018C0062694A00D007FBF7F /* TaskAddScreen.swift in Sources */,
				800EB66726A07BFE0082309C /* GlobalEnvObject.swift in Sources */,
				80CE478926A5CE2A0019761C /* LottieAnimationTypeForgone.swift in Sources */,
				808D525326A59F4700B25EC1 /* LottieView.swift in Sources */,
				8062153B262C449200F68138 /* Task_ExpertApp.swift in Sources */,
				807E8B18268A0C7D003DC009 /* IndividualTaskView.swift in Sources */,
			);
			runOnlyForDeploymentPostprocessing = 0;
		};
/* End PBXSourcesBuildPhase section */

/* Begin XCBuildConfiguration section */
		80621544262C449300F68138 /* Debug */ = {
			isa = XCBuildConfiguration;
			buildSettings = {
				ALWAYS_SEARCH_USER_PATHS = NO;
				CLANG_ANALYZER_NONNULL = YES;
				CLANG_ANALYZER_NUMBER_OBJECT_CONVERSION = YES_AGGRESSIVE;
				CLANG_CXX_LANGUAGE_STANDARD = "gnu++14";
				CLANG_CXX_LIBRARY = "libc++";
				CLANG_ENABLE_MODULES = YES;
				CLANG_ENABLE_OBJC_ARC = YES;
				CLANG_ENABLE_OBJC_WEAK = YES;
				CLANG_WARN_BLOCK_CAPTURE_AUTORELEASING = YES;
				CLANG_WARN_BOOL_CONVERSION = YES;
				CLANG_WARN_COMMA = YES;
				CLANG_WARN_CONSTANT_CONVERSION = YES;
				CLANG_WARN_DEPRECATED_OBJC_IMPLEMENTATIONS = YES;
				CLANG_WARN_DIRECT_OBJC_ISA_USAGE = YES_ERROR;
				CLANG_WARN_DOCUMENTATION_COMMENTS = YES;
				CLANG_WARN_EMPTY_BODY = YES;
				CLANG_WARN_ENUM_CONVERSION = YES;
				CLANG_WARN_INFINITE_RECURSION = YES;
				CLANG_WARN_INT_CONVERSION = YES;
				CLANG_WARN_NON_LITERAL_NULL_CONVERSION = YES;
				CLANG_WARN_OBJC_IMPLICIT_RETAIN_SELF = YES;
				CLANG_WARN_OBJC_LITERAL_CONVERSION = YES;
				CLANG_WARN_OBJC_ROOT_CLASS = YES_ERROR;
				CLANG_WARN_QUOTED_INCLUDE_IN_FRAMEWORK_HEADER = YES;
				CLANG_WARN_RANGE_LOOP_ANALYSIS = YES;
				CLANG_WARN_STRICT_PROTOTYPES = YES;
				CLANG_WARN_SUSPICIOUS_MOVE = YES;
				CLANG_WARN_UNGUARDED_AVAILABILITY = YES_AGGRESSIVE;
				CLANG_WARN_UNREACHABLE_CODE = YES;
				CLANG_WARN__DUPLICATE_METHOD_MATCH = YES;
				COPY_PHASE_STRIP = NO;
				DEBUG_INFORMATION_FORMAT = dwarf;
				ENABLE_STRICT_OBJC_MSGSEND = YES;
				ENABLE_TESTABILITY = YES;
				GCC_C_LANGUAGE_STANDARD = gnu11;
				GCC_DYNAMIC_NO_PIC = NO;
				GCC_NO_COMMON_BLOCKS = YES;
				GCC_OPTIMIZATION_LEVEL = 0;
				GCC_PREPROCESSOR_DEFINITIONS = (
					"DEBUG=1",
					"$(inherited)",
				);
				GCC_WARN_64_TO_32_BIT_CONVERSION = YES;
				GCC_WARN_ABOUT_RETURN_TYPE = YES_ERROR;
				GCC_WARN_UNDECLARED_SELECTOR = YES;
				GCC_WARN_UNINITIALIZED_AUTOS = YES_AGGRESSIVE;
				GCC_WARN_UNUSED_FUNCTION = YES;
				GCC_WARN_UNUSED_VARIABLE = YES;
				IPHONEOS_DEPLOYMENT_TARGET = 14.4;
				MTL_ENABLE_DEBUG_INFO = INCLUDE_SOURCE;
				MTL_FAST_MATH = YES;
				ONLY_ACTIVE_ARCH = YES;
				SDKROOT = iphoneos;
				SWIFT_ACTIVE_COMPILATION_CONDITIONS = DEBUG;
				SWIFT_OPTIMIZATION_LEVEL = "-Onone";
			};
			name = Debug;
		};
		80621545262C449300F68138 /* Release */ = {
			isa = XCBuildConfiguration;
			buildSettings = {
				ALWAYS_SEARCH_USER_PATHS = NO;
				CLANG_ANALYZER_NONNULL = YES;
				CLANG_ANALYZER_NUMBER_OBJECT_CONVERSION = YES_AGGRESSIVE;
				CLANG_CXX_LANGUAGE_STANDARD = "gnu++14";
				CLANG_CXX_LIBRARY = "libc++";
				CLANG_ENABLE_MODULES = YES;
				CLANG_ENABLE_OBJC_ARC = YES;
				CLANG_ENABLE_OBJC_WEAK = YES;
				CLANG_WARN_BLOCK_CAPTURE_AUTORELEASING = YES;
				CLANG_WARN_BOOL_CONVERSION = YES;
				CLANG_WARN_COMMA = YES;
				CLANG_WARN_CONSTANT_CONVERSION = YES;
				CLANG_WARN_DEPRECATED_OBJC_IMPLEMENTATIONS = YES;
				CLANG_WARN_DIRECT_OBJC_ISA_USAGE = YES_ERROR;
				CLANG_WARN_DOCUMENTATION_COMMENTS = YES;
				CLANG_WARN_EMPTY_BODY = YES;
				CLANG_WARN_ENUM_CONVERSION = YES;
				CLANG_WARN_INFINITE_RECURSION = YES;
				CLANG_WARN_INT_CONVERSION = YES;
				CLANG_WARN_NON_LITERAL_NULL_CONVERSION = YES;
				CLANG_WARN_OBJC_IMPLICIT_RETAIN_SELF = YES;
				CLANG_WARN_OBJC_LITERAL_CONVERSION = YES;
				CLANG_WARN_OBJC_ROOT_CLASS = YES_ERROR;
				CLANG_WARN_QUOTED_INCLUDE_IN_FRAMEWORK_HEADER = YES;
				CLANG_WARN_RANGE_LOOP_ANALYSIS = YES;
				CLANG_WARN_STRICT_PROTOTYPES = YES;
				CLANG_WARN_SUSPICIOUS_MOVE = YES;
				CLANG_WARN_UNGUARDED_AVAILABILITY = YES_AGGRESSIVE;
				CLANG_WARN_UNREACHABLE_CODE = YES;
				CLANG_WARN__DUPLICATE_METHOD_MATCH = YES;
				COPY_PHASE_STRIP = NO;
				DEBUG_INFORMATION_FORMAT = "dwarf-with-dsym";
				ENABLE_NS_ASSERTIONS = NO;
				ENABLE_STRICT_OBJC_MSGSEND = YES;
				GCC_C_LANGUAGE_STANDARD = gnu11;
				GCC_NO_COMMON_BLOCKS = YES;
				GCC_WARN_64_TO_32_BIT_CONVERSION = YES;
				GCC_WARN_ABOUT_RETURN_TYPE = YES_ERROR;
				GCC_WARN_UNDECLARED_SELECTOR = YES;
				GCC_WARN_UNINITIALIZED_AUTOS = YES_AGGRESSIVE;
				GCC_WARN_UNUSED_FUNCTION = YES;
				GCC_WARN_UNUSED_VARIABLE = YES;
				IPHONEOS_DEPLOYMENT_TARGET = 14.4;
				MTL_ENABLE_DEBUG_INFO = NO;
				MTL_FAST_MATH = YES;
				SDKROOT = iphoneos;
				SWIFT_COMPILATION_MODE = wholemodule;
				SWIFT_OPTIMIZATION_LEVEL = "-O";
				VALIDATE_PRODUCT = YES;
			};
			name = Release;
		};
		80621547262C449300F68138 /* Debug */ = {
			isa = XCBuildConfiguration;
			buildSettings = {
				ASSETCATALOG_COMPILER_APPICON_NAME = AppIcon;
				ASSETCATALOG_COMPILER_GLOBAL_ACCENT_COLOR_NAME = AccentColor;
				CODE_SIGN_ENTITLEMENTS = "Task Expert/Task Expert.entitlements";
				"CODE_SIGN_IDENTITY[sdk=macosx*]" = "Apple Development";
				CODE_SIGN_STYLE = Automatic;
				DEAD_CODE_STRIPPING = NO;
				DEVELOPMENT_ASSET_PATHS = "\"Task Expert/Preview Content\"";
				DEVELOPMENT_TEAM = T3786CCD4L;
				ENABLE_PREVIEWS = YES;
				INFOPLIST_FILE = "Task Expert/Info.plist";
				IPHONEOS_DEPLOYMENT_TARGET = 14.0;
				LD_RUNPATH_SEARCH_PATHS = (
					"$(inherited)",
					"@executable_path/Frameworks",
				);
				PRODUCT_BUNDLE_IDENTIFIER = "com.vaibhav.Task-Expert2";
				PRODUCT_NAME = "$(TARGET_NAME)";
				SUPPORTS_MACCATALYST = YES;
				SWIFT_VERSION = 5.0;
				TARGETED_DEVICE_FAMILY = "1,2";
			};
			name = Debug;
		};
		80621548262C449300F68138 /* Release */ = {
			isa = XCBuildConfiguration;
			buildSettings = {
				ASSETCATALOG_COMPILER_APPICON_NAME = AppIcon;
				ASSETCATALOG_COMPILER_GLOBAL_ACCENT_COLOR_NAME = AccentColor;
				CODE_SIGN_ENTITLEMENTS = "Task Expert/Task Expert.entitlements";
				"CODE_SIGN_IDENTITY[sdk=macosx*]" = "Apple Development";
				CODE_SIGN_STYLE = Automatic;
				DEAD_CODE_STRIPPING = NO;
				DEVELOPMENT_ASSET_PATHS = "\"Task Expert/Preview Content\"";
				DEVELOPMENT_TEAM = T3786CCD4L;
				ENABLE_PREVIEWS = YES;
				INFOPLIST_FILE = "Task Expert/Info.plist";
				IPHONEOS_DEPLOYMENT_TARGET = 14.0;
				LD_RUNPATH_SEARCH_PATHS = (
					"$(inherited)",
					"@executable_path/Frameworks",
				);
				PRODUCT_BUNDLE_IDENTIFIER = "com.vaibhav.Task-Expert2";
				PRODUCT_NAME = "$(TARGET_NAME)";
				SUPPORTS_MACCATALYST = YES;
				SWIFT_VERSION = 5.0;
				TARGETED_DEVICE_FAMILY = "1,2";
			};
			name = Release;
		};
/* End XCBuildConfiguration section */

/* Begin XCConfigurationList section */
		80621532262C449100F68138 /* Build configuration list for PBXProject "Task Expert" */ = {
			isa = XCConfigurationList;
			buildConfigurations = (
				80621544262C449300F68138 /* Debug */,
				80621545262C449300F68138 /* Release */,
			);
			defaultConfigurationIsVisible = 0;
			defaultConfigurationName = Release;
		};
		80621546262C449300F68138 /* Build configuration list for PBXNativeTarget "Task Expert" */ = {
			isa = XCConfigurationList;
			buildConfigurations = (
				80621547262C449300F68138 /* Debug */,
				80621548262C449300F68138 /* Release */,
			);
			defaultConfigurationIsVisible = 0;
			defaultConfigurationName = Release;
		};
/* End XCConfigurationList section */

/* Begin XCRemoteSwiftPackageReference section */
		808D524F26A59EE100B25EC1 /* XCRemoteSwiftPackageReference "lottie-ios" */ = {
			isa = XCRemoteSwiftPackageReference;
			repositoryURL = "https://github.com/airbnb/lottie-ios.git";
			requirement = {
				kind = upToNextMajorVersion;
				minimumVersion = 3.2.3;
			};
		};
/* End XCRemoteSwiftPackageReference section */

/* Begin XCSwiftPackageProductDependency section */
		808D525026A59EE100B25EC1 /* Lottie */ = {
			isa = XCSwiftPackageProductDependency;
			package = 808D524F26A59EE100B25EC1 /* XCRemoteSwiftPackageReference "lottie-ios" */;
			productName = Lottie;
		};
/* End XCSwiftPackageProductDependency section */
	};
	rootObject = 8062152F262C449100F68138 /* Project object */;
}
